
Microsoft Visual Studio Solution File, Format Version 12.00
# Visual Studio Version 17
VisualStudioVersion = 17.10.34707.107
MinimumVisualStudioVersion = 10.0.40219.1
Project("{FAE04EC0-301F-11D3-BF4B-00C04F79EFBC}") = "LostArkRenamer", "LostArkRenamer.csproj", "{011AFDC2-843D-4331-8A97-FBEE6C5E5ED3}"
EndProject
Global
	GlobalSection(SolutionConfigurationPlatforms) = preSolution
		Debug|Any CPU = Debug|Any CPU
		Release|Any CPU = Release|Any CPU
	EndGlobalSection
	GlobalSection(ProjectConfigurationPlatforms) = postSolution
		{011AFDC2-843D-4331-8A97-FBEE6C5E5ED3}.Debug|Any CPU.ActiveCfg = Debug|Any CPU
		{011AFDC2-843D-4331-8A97-FBEE6C5E5ED3}.Debug|Any CPU.Build.0 = Debug|Any CPU
		{011AFDC2-843D-4331-8A97-FBEE6C5E5ED3}.Release|Any CPU.ActiveCfg = Release|Any CPU
		{011AFDC2-843D-4331-8A97-FBEE6C5E5ED3}.Release|Any CPU.Build.0 = Release|Any CPU
	EndGlobalSection
	GlobalSection(SolutionProperties) = preSolution
		HideSolutionNode = FALSE
	EndGlobalSection
	GlobalSection(ExtensibilityGlobals) = postSolution
		SolutionGuid = {DB918F61-7374-41E4-9ABD-56BDD0A86139}
	EndGlobalSection
	GlobalSection(AutomaticVersions) = postSolution
		PrimaryVersionType = AssemblyVersionAttribute
		UpdateAssemblyVersion = True
		UpdateAssemblyFileVersion = True
		UpdateAssemblyInfoVersion = True
		AdvancedSettingsExpanded = True
		AssemblyVersionSettings = None.None.None.None
		AssemblyFileVersionSettings = None.None.None.None
		AssemblyInfoVersionSettings = None.None.None.None
		UpdatePackageVersion = False
		AssemblyInfoVersionType = SettingsVersion
		InheritWinAppVersionFrom = None
	EndGlobalSection
EndGlobal
